
Microsoft Visual Studio Solution File, Format Version 12.00
# Visual Studio Version 17
VisualStudioVersion = 17.13.35825.156 d17.13
MinimumVisualStudioVersion = 10.0.40219.1
Project("{8BC9CEB8-8B4A-11D0-8D11-00A0C91BC942}") = "DynamicArrayThingy", "DynamicArrayThingy\DynamicArrayThingy.vcxproj", "{FF3DBE01-920A-4227-AAAB-E8DB4D4260EE}"
EndProject
Global
	GlobalSection(SolutionConfigurationPlatforms) = preSolution
		Debug|x64 = Debug|x64
		Debug|x86 = Debug|x86
		Release|x64 = Release|x64
		Release|x86 = Release|x86
	EndGlobalSection
	GlobalSection(ProjectConfigurationPlatforms) = postSolution
		{FF3DBE01-920A-4227-AAAB-E8DB4D4260EE}.Debug|x64.ActiveCfg = Debug|x64
		{FF3DBE01-920A-4227-AAAB-E8DB4D4260EE}.Debug|x64.Build.0 = Debug|x64
		{FF3DBE01-920A-4227-AAAB-E8DB4D4260EE}.Debug|x86.ActiveCfg = Debug|Win32
		{FF3DBE01-920A-4227-AAAB-E8DB4D4260EE}.Debug|x86.Build.0 = Debug|Win32
		{FF3DBE01-920A-4227-AAAB-E8DB4D4260EE}.Release|x64.ActiveCfg = Release|x64
		{FF3DBE01-920A-4227-AAAB-E8DB4D4260EE}.Release|x64.Build.0 = Release|x64
		{FF3DBE01-920A-4227-AAAB-E8DB4D4260EE}.Release|x86.ActiveCfg = Release|Win32
		{FF3DBE01-920A-4227-AAAB-E8DB4D4260EE}.Release|x86.Build.0 = Release|Win32
	EndGlobalSection
	GlobalSection(SolutionProperties) = preSolution
		HideSolutionNode = FALSE
	EndGlobalSection
	GlobalSection(ExtensibilityGlobals) = postSolution
		SolutionGuid = {9D88433D-7A97-4DF7-8691-5E7008A77581}
	EndGlobalSection
EndGlobal
