
Microsoft Visual Studio Solution File, Format Version 12.00
# Visual Studio Version 17
VisualStudioVersion = 17.13.35825.156 d17.13
MinimumVisualStudioVersion = 10.0.40219.1
Project("{8BC9CEB8-8B4A-11D0-8D11-00A0C91BC942}") = "PrintPyramid", "PrintPyramid\PrintPyramid.vcxproj", "{109BD42E-BB85-46C7-9DFF-3B4A6CA2390F}"
EndProject
Global
	GlobalSection(SolutionConfigurationPlatforms) = preSolution
		Debug|x64 = Debug|x64
		Debug|x86 = Debug|x86
		Release|x64 = Release|x64
		Release|x86 = Release|x86
	EndGlobalSection
	GlobalSection(ProjectConfigurationPlatforms) = postSolution
		{109BD42E-BB85-46C7-9DFF-3B4A6CA2390F}.Debug|x64.ActiveCfg = Debug|x64
		{109BD42E-BB85-46C7-9DFF-3B4A6CA2390F}.Debug|x64.Build.0 = Debug|x64
		{109BD42E-BB85-46C7-9DFF-3B4A6CA2390F}.Debug|x86.ActiveCfg = Debug|Win32
		{109BD42E-BB85-46C7-9DFF-3B4A6CA2390F}.Debug|x86.Build.0 = Debug|Win32
		{109BD42E-BB85-46C7-9DFF-3B4A6CA2390F}.Release|x64.ActiveCfg = Release|x64
		{109BD42E-BB85-46C7-9DFF-3B4A6CA2390F}.Release|x64.Build.0 = Release|x64
		{109BD42E-BB85-46C7-9DFF-3B4A6CA2390F}.Release|x86.ActiveCfg = Release|Win32
		{109BD42E-BB85-46C7-9DFF-3B4A6CA2390F}.Release|x86.Build.0 = Release|Win32
	EndGlobalSection
	GlobalSection(SolutionProperties) = preSolution
		HideSolutionNode = FALSE
	EndGlobalSection
	GlobalSection(ExtensibilityGlobals) = postSolution
		SolutionGuid = {AA21D244-43EA-4F2A-89A2-323190F48D98}
	EndGlobalSection
EndGlobal
